<?xml version="1.0" encoding="utf-8"?>
<Project ToolsVersion="4.0" xmlns="http://schemas.microsoft.com/developer/msbuild/2003">
  <ItemGroup>
    <ClCompile Include="stdafx.cpp" />
    <ClCompile Include="Object.cpp">
      <Filter>Object</Filter>
    </ClCompile>
    <ClCompile Include="RenderFunction.cpp">
      <Filter>RenderFunction</Filter>
    </ClCompile>
  </ItemGroup>
  <ItemGroup>
    <ClInclude Include="stdafx.h" />
    <ClInclude Include="targetver.h" />
    <ClInclude Include="Object.h">
      <Filter>Object</Filter>
    </ClInclude>
    <ClInclude Include="RenderFunction.h">
      <Filter>RenderFunction</Filter>
    </ClInclude>
  </ItemGroup>
  <ItemGroup>
    <Text Include="ReadMe.txt" />
  </ItemGroup>
  <ItemGroup>
    <Filter Include="Object">
      <UniqueIdentifier>{e3c01d8f-609e-4a92-95b2-ed2c031f7370}</UniqueIdentifier>
    </Filter>
    <Filter Include="RenderFunction">
      <UniqueIdentifier>{5a9366c5-71d6-4fd8-8e28-2f8374187973}</UniqueIdentifier>
    </Filter>
  </ItemGroup>
</Project>