<?xml version="1.0" encoding="utf-8"?>
<Project ToolsVersion="4.0" xmlns="http://schemas.microsoft.com/developer/msbuild/2003">
  <ItemGroup>
    <ClCompile Include="Object.cpp">
      <Filter>Object</Filter>
    </ClCompile>
    <ClCompile Include="RenderFunction.cpp">
      <Filter>RenderFunction</Filter>
    </ClCompile>
    <ClCompile Include="Project.cpp" />
    <ClCompile Include="Camera.cpp">
      <Filter>Object</Filter>
    </ClCompile>
    <ClCompile Include="bmp.cpp">
      <Filter>Include</Filter>
    </ClCompile>
    <ClCompile Include="stdafx.cpp">
      <Filter>Include</Filter>
    </ClCompile>
  </ItemGroup>
  <ItemGroup>
    <ClInclude Include="Object.h">
      <Filter>Object</Filter>
    </ClInclude>
    <ClInclude Include="RenderFunction.h">
      <Filter>RenderFunction</Filter>
    </ClInclude>
    <ClInclude Include="Camera.h">
      <Filter>Object</Filter>
    </ClInclude>
    <ClInclude Include="bmp.h">
      <Filter>Include</Filter>
    </ClInclude>
    <ClInclude Include="Project.h" />
    <ClInclude Include="targetver.h">
      <Filter>Include</Filter>
    </ClInclude>
    <ClInclude Include="stdafx.h">
      <Filter>Include</Filter>
    </ClInclude>
  </ItemGroup>
  <ItemGroup>
    <Text Include="ReadMe.txt" />
  </ItemGroup>
  <ItemGroup>
    <Filter Include="Object">
      <UniqueIdentifier>{e3c01d8f-609e-4a92-95b2-ed2c031f7370}</UniqueIdentifier>
    </Filter>
    <Filter Include="RenderFunction">
      <UniqueIdentifier>{5a9366c5-71d6-4fd8-8e28-2f8374187973}</UniqueIdentifier>
    </Filter>
    <Filter Include="Include">
      <UniqueIdentifier>{72b89aec-9763-49d8-a42d-305b7607f919}</UniqueIdentifier>
    </Filter>
    <Filter Include="Resource">
      <UniqueIdentifier>{d718bdd9-1fd2-4c56-ac3b-6f734eab159d}</UniqueIdentifier>
    </Filter>
  </ItemGroup>
</Project>